
Microsoft Visual Studio Solution File, Format Version 12.00
# Visual Studio Version 17
VisualStudioVersion = 17.2.32526.322
MinimumVisualStudioVersion = 10.0.40219.1
Project("{8BC9CEB8-8B4A-11D0-8D11-00A0C91BC942}") = "__project__", "__project__\__project__.vcxproj", "{AAAAAAAA-AAAA-AAAA-AAAA-AAAAAAAAAA01}"
EndProject
Project("{2150E333-8FDC-42A3-9474-1A3956D46DE8}") = "sdl2pckg", "sdl2pckg", "{4A2E03FB-FBB5-4066-8AD4-B3E97372FF2A}"
EndProject
Project("{8BC9CEB8-8B4A-11D0-8D11-00A0C91BC942}") = "sdl2", "__BUILD_2_CUGL__\sdlapp\buildfiles\windows\sdl2\sdl2.vcxproj", "{81CE8DAF-EBB2-4761-8E45-B71ABCCA8C68}"
EndProject
Project("{8BC9CEB8-8B4A-11D0-8D11-00A0C91BC942}") = "sdl2main", "__BUILD_2_CUGL__\sdlapp\buildfiles\windows\sdl2main\sdl2main.vcxproj", "{DA956FD3-E142-46F2-9DD5-C78BEBB56B7A}"
EndProject
Project("{8BC9CEB8-8B4A-11D0-8D11-00A0C91BC942}") = "sdl2app", "__BUILD_2_CUGL__\sdlapp\buildfiles\windows\sdl2app\sdl2app.vcxproj", "{AF490661-A652-4D5B-9CEE-75536D8330C4}"
EndProject
Project("{8BC9CEB8-8B4A-11D0-8D11-00A0C91BC942}") = "sdl2image", "__BUILD_2_CUGL__\sdlapp\buildfiles\windows\sdl2image\sdl2image.vcxproj", "{2BD5534E-00E2-4BEA-AC96-D9A92EA24696}"
EndProject
Project("{8BC9CEB8-8B4A-11D0-8D11-00A0C91BC942}") = "sdl2ttf", "__BUILD_2_CUGL__\sdlapp\buildfiles\windows\sdl2ttf\sdl2ttf.vcxproj", "{DDDBD07D-DC76-4AF6-8D02-3E2DEB6EE255}"
EndProject
Project("{8BC9CEB8-8B4A-11D0-8D11-00A0C91BC942}") = "sdl2atk", "__BUILD_2_CUGL__\sdlapp\buildfiles\windows\sdl2atk\sdl2atk.vcxproj", "{531302A4-1972-4DD5-A0CD-24EE1D93D2FB}"
EndProject
Project("{2150E333-8FDC-42A3-9474-1A3956D46DE8}") = "libcugl", "libcugl", "{370C058D-7815-4FB0-9E63-AC702B02CC51}"
EndProject
Project("{8BC9CEB8-8B4A-11D0-8D11-00A0C91BC942}") = "cugl", "__BUILD_2_CUGL__\buildfiles\windows\cugl\cugl.vcxproj", "{60C028A4-977F-44E9-A709-D79A153D6F69}"
EndProject
Project("{8BC9CEB8-8B4A-11D0-8D11-00A0C91BC942}") = "poly2tri", "__BUILD_2_CUGL__\buildfiles\windows\poly2tri\poly2tri.vcxproj", "{88095B91-162E-4F58-9D8A-F3BF3F9B1213}"
EndProject
Project("{8BC9CEB8-8B4A-11D0-8D11-00A0C91BC942}") = "box2d", "__BUILD_2_CUGL__\buildfiles\windows\box2d\box2d.vcxproj", "{CF0DEAB9-A4E9-4BFC-B58C-E28DAE7D45DE}"
EndProject
Project("{2150E333-8FDC-42A3-9474-1A3956D46DE8}") = "libdatachannel", "libdatachannel", "{CC0EDCFB-C5A6-4BB2-A6DD-A43288D677C5}"
EndProject
Project("{8BC9CEB8-8B4A-11D0-8D11-00A0C91BC942}") = "datachannel", "__BUILD_2_CUGL__\buildfiles\windows\datachannel\datachannel\datachannel.vcxproj", "{2055C252-BBA1-4BC7-A00A-1787C84EE48F}"
EndProject
Project("{8BC9CEB8-8B4A-11D0-8D11-00A0C91BC942}") = "crypto", "__BUILD_2_CUGL__\buildfiles\windows\datachannel\crypto\crypto.vcxproj", "{D98ACEC5-2AB7-4E6F-84A6-8F3F94020BF6}"
EndProject
Project("{8BC9CEB8-8B4A-11D0-8D11-00A0C91BC942}") = "juice", "__BUILD_2_CUGL__\buildfiles\windows\datachannel\juice\juice.vcxproj", "{A4F96796-B98B-4863-8CBA-B026C8A6B4D8}"
EndProject
Project("{8BC9CEB8-8B4A-11D0-8D11-00A0C91BC942}") = "srtp2", "__BUILD_2_CUGL__\buildfiles\windows\datachannel\srtp2\srtp2.vcxproj", "{1748028F-F5CC-4159-A0EB-C5D1DF08346E}"
EndProject
Project("{8BC9CEB8-8B4A-11D0-8D11-00A0C91BC942}") = "ssl", "__BUILD_2_CUGL__\buildfiles\windows\datachannel\ssl\ssl.vcxproj", "{49A05978-E401-4926-A385-767F594075E3}"
EndProject
Project("{8BC9CEB8-8B4A-11D0-8D11-00A0C91BC942}") = "usrsctp", "__BUILD_2_CUGL__\buildfiles\windows\datachannel\usrsctp\usrsctp.vcxproj", "{E8A8D857-421E-4A57-A2A5-4EAA9B863C5B}"
EndProject
Global
	GlobalSection(SolutionConfigurationPlatforms) = preSolution
		Debug|x64 = Debug|x64
		Debug|x86 = Debug|x86
		Release|x64 = Release|x64
		Release|x86 = Release|x86
	EndGlobalSection
	GlobalSection(ProjectConfigurationPlatforms) = postSolution
		{D3226FED-C44C-5D4C-B4FC-F32D0D050E26}.Debug|x64.ActiveCfg = Debug|x64
		{D3226FED-C44C-5D4C-B4FC-F32D0D050E26}.Debug|x64.Build.0 = Debug|x64
		{D3226FED-C44C-5D4C-B4FC-F32D0D050E26}.Debug|x86.ActiveCfg = Debug|Win32
		{D3226FED-C44C-5D4C-B4FC-F32D0D050E26}.Debug|x86.Build.0 = Debug|Win32
		{D3226FED-C44C-5D4C-B4FC-F32D0D050E26}.Release|x64.ActiveCfg = Release|x64
		{D3226FED-C44C-5D4C-B4FC-F32D0D050E26}.Release|x64.Build.0 = Release|x64
		{D3226FED-C44C-5D4C-B4FC-F32D0D050E26}.Release|x86.ActiveCfg = Release|Win32
		{D3226FED-C44C-5D4C-B4FC-F32D0D050E26}.Release|x86.Build.0 = Release|Win32
		{81CE8DAF-EBB2-4761-8E45-B71ABCCA8C68}.Debug|x64.ActiveCfg = Debug|x64
		{81CE8DAF-EBB2-4761-8E45-B71ABCCA8C68}.Debug|x64.Build.0 = Debug|x64
		{81CE8DAF-EBB2-4761-8E45-B71ABCCA8C68}.Debug|x86.ActiveCfg = Debug|Win32
		{81CE8DAF-EBB2-4761-8E45-B71ABCCA8C68}.Debug|x86.Build.0 = Debug|Win32
		{81CE8DAF-EBB2-4761-8E45-B71ABCCA8C68}.Release|x64.ActiveCfg = Release|x64
		{81CE8DAF-EBB2-4761-8E45-B71ABCCA8C68}.Release|x64.Build.0 = Release|x64
		{81CE8DAF-EBB2-4761-8E45-B71ABCCA8C68}.Release|x86.ActiveCfg = Release|Win32
		{81CE8DAF-EBB2-4761-8E45-B71ABCCA8C68}.Release|x86.Build.0 = Release|Win32
		{DA956FD3-E142-46F2-9DD5-C78BEBB56B7A}.Debug|x64.ActiveCfg = Debug|x64
		{DA956FD3-E142-46F2-9DD5-C78BEBB56B7A}.Debug|x64.Build.0 = Debug|x64
		{DA956FD3-E142-46F2-9DD5-C78BEBB56B7A}.Debug|x86.ActiveCfg = Debug|Win32
		{DA956FD3-E142-46F2-9DD5-C78BEBB56B7A}.Debug|x86.Build.0 = Debug|Win32
		{DA956FD3-E142-46F2-9DD5-C78BEBB56B7A}.Release|x64.ActiveCfg = Release|x64
		{DA956FD3-E142-46F2-9DD5-C78BEBB56B7A}.Release|x64.Build.0 = Release|x64
		{DA956FD3-E142-46F2-9DD5-C78BEBB56B7A}.Release|x86.ActiveCfg = Release|Win32
		{DA956FD3-E142-46F2-9DD5-C78BEBB56B7A}.Release|x86.Build.0 = Release|Win32
		{AF490661-A652-4D5B-9CEE-75536D8330C4}.Debug|x64.ActiveCfg = Debug|x64
		{AF490661-A652-4D5B-9CEE-75536D8330C4}.Debug|x64.Build.0 = Debug|x64
		{AF490661-A652-4D5B-9CEE-75536D8330C4}.Debug|x86.ActiveCfg = Debug|Win32
		{AF490661-A652-4D5B-9CEE-75536D8330C4}.Debug|x86.Build.0 = Debug|Win32
		{AF490661-A652-4D5B-9CEE-75536D8330C4}.Release|x64.ActiveCfg = Release|x64
		{AF490661-A652-4D5B-9CEE-75536D8330C4}.Release|x64.Build.0 = Release|x64
		{AF490661-A652-4D5B-9CEE-75536D8330C4}.Release|x86.ActiveCfg = Release|Win32
		{AF490661-A652-4D5B-9CEE-75536D8330C4}.Release|x86.Build.0 = Release|Win32
		{2BD5534E-00E2-4BEA-AC96-D9A92EA24696}.Debug|x64.ActiveCfg = Debug|x64
		{2BD5534E-00E2-4BEA-AC96-D9A92EA24696}.Debug|x64.Build.0 = Debug|x64
		{2BD5534E-00E2-4BEA-AC96-D9A92EA24696}.Debug|x86.ActiveCfg = Debug|Win32
		{2BD5534E-00E2-4BEA-AC96-D9A92EA24696}.Debug|x86.Build.0 = Debug|Win32
		{2BD5534E-00E2-4BEA-AC96-D9A92EA24696}.Release|x64.ActiveCfg = Release|x64
		{2BD5534E-00E2-4BEA-AC96-D9A92EA24696}.Release|x64.Build.0 = Release|x64
		{2BD5534E-00E2-4BEA-AC96-D9A92EA24696}.Release|x86.ActiveCfg = Release|Win32
		{2BD5534E-00E2-4BEA-AC96-D9A92EA24696}.Release|x86.Build.0 = Release|Win32
		{DDDBD07D-DC76-4AF6-8D02-3E2DEB6EE255}.Debug|x64.ActiveCfg = Debug|x64
		{DDDBD07D-DC76-4AF6-8D02-3E2DEB6EE255}.Debug|x64.Build.0 = Debug|x64
		{DDDBD07D-DC76-4AF6-8D02-3E2DEB6EE255}.Debug|x86.ActiveCfg = Debug|Win32
		{DDDBD07D-DC76-4AF6-8D02-3E2DEB6EE255}.Debug|x86.Build.0 = Debug|Win32
		{DDDBD07D-DC76-4AF6-8D02-3E2DEB6EE255}.Release|x64.ActiveCfg = Release|x64
		{DDDBD07D-DC76-4AF6-8D02-3E2DEB6EE255}.Release|x64.Build.0 = Release|x64
		{DDDBD07D-DC76-4AF6-8D02-3E2DEB6EE255}.Release|x86.ActiveCfg = Release|Win32
		{DDDBD07D-DC76-4AF6-8D02-3E2DEB6EE255}.Release|x86.Build.0 = Release|Win32
		{531302A4-1972-4DD5-A0CD-24EE1D93D2FB}.Debug|x64.ActiveCfg = Debug|x64
		{531302A4-1972-4DD5-A0CD-24EE1D93D2FB}.Debug|x64.Build.0 = Debug|x64
		{531302A4-1972-4DD5-A0CD-24EE1D93D2FB}.Debug|x86.ActiveCfg = Debug|Win32
		{531302A4-1972-4DD5-A0CD-24EE1D93D2FB}.Debug|x86.Build.0 = Debug|Win32
		{531302A4-1972-4DD5-A0CD-24EE1D93D2FB}.Release|x64.ActiveCfg = Release|x64
		{531302A4-1972-4DD5-A0CD-24EE1D93D2FB}.Release|x64.Build.0 = Release|x64
		{531302A4-1972-4DD5-A0CD-24EE1D93D2FB}.Release|x86.ActiveCfg = Release|Win32
		{531302A4-1972-4DD5-A0CD-24EE1D93D2FB}.Release|x86.Build.0 = Release|Win32
		{60C028A4-977F-44E9-A709-D79A153D6F69}.Debug|x64.ActiveCfg = Debug|x64
		{60C028A4-977F-44E9-A709-D79A153D6F69}.Debug|x64.Build.0 = Debug|x64
		{60C028A4-977F-44E9-A709-D79A153D6F69}.Debug|x86.ActiveCfg = Debug|Win32
		{60C028A4-977F-44E9-A709-D79A153D6F69}.Debug|x86.Build.0 = Debug|Win32
		{60C028A4-977F-44E9-A709-D79A153D6F69}.Release|x64.ActiveCfg = Release|x64
		{60C028A4-977F-44E9-A709-D79A153D6F69}.Release|x64.Build.0 = Release|x64
		{60C028A4-977F-44E9-A709-D79A153D6F69}.Release|x86.ActiveCfg = Release|Win32
		{60C028A4-977F-44E9-A709-D79A153D6F69}.Release|x86.Build.0 = Release|Win32
		{88095B91-162E-4F58-9D8A-F3BF3F9B1213}.Debug|x64.ActiveCfg = Debug|x64
		{88095B91-162E-4F58-9D8A-F3BF3F9B1213}.Debug|x64.Build.0 = Debug|x64
		{88095B91-162E-4F58-9D8A-F3BF3F9B1213}.Debug|x86.ActiveCfg = Debug|Win32
		{88095B91-162E-4F58-9D8A-F3BF3F9B1213}.Debug|x86.Build.0 = Debug|Win32
		{88095B91-162E-4F58-9D8A-F3BF3F9B1213}.Release|x64.ActiveCfg = Release|x64
		{88095B91-162E-4F58-9D8A-F3BF3F9B1213}.Release|x64.Build.0 = Release|x64
		{88095B91-162E-4F58-9D8A-F3BF3F9B1213}.Release|x86.ActiveCfg = Release|Win32
		{88095B91-162E-4F58-9D8A-F3BF3F9B1213}.Release|x86.Build.0 = Release|Win32
		{CF0DEAB9-A4E9-4BFC-B58C-E28DAE7D45DE}.Debug|x64.ActiveCfg = Debug|x64
		{CF0DEAB9-A4E9-4BFC-B58C-E28DAE7D45DE}.Debug|x64.Build.0 = Debug|x64
		{CF0DEAB9-A4E9-4BFC-B58C-E28DAE7D45DE}.Debug|x86.ActiveCfg = Debug|Win32
		{CF0DEAB9-A4E9-4BFC-B58C-E28DAE7D45DE}.Debug|x86.Build.0 = Debug|Win32
		{CF0DEAB9-A4E9-4BFC-B58C-E28DAE7D45DE}.Release|x64.ActiveCfg = Release|x64
		{CF0DEAB9-A4E9-4BFC-B58C-E28DAE7D45DE}.Release|x64.Build.0 = Release|x64
		{CF0DEAB9-A4E9-4BFC-B58C-E28DAE7D45DE}.Release|x86.ActiveCfg = Release|Win32
		{CF0DEAB9-A4E9-4BFC-B58C-E28DAE7D45DE}.Release|x86.Build.0 = Release|Win32
		{2055C252-BBA1-4BC7-A00A-1787C84EE48F}.Debug|x64.ActiveCfg = Debug|x64
		{2055C252-BBA1-4BC7-A00A-1787C84EE48F}.Debug|x64.Build.0 = Debug|x64
		{2055C252-BBA1-4BC7-A00A-1787C84EE48F}.Debug|x86.ActiveCfg = Debug|Win32
		{2055C252-BBA1-4BC7-A00A-1787C84EE48F}.Debug|x86.Build.0 = Debug|Win32
		{2055C252-BBA1-4BC7-A00A-1787C84EE48F}.Release|x64.ActiveCfg = Release|x64
		{2055C252-BBA1-4BC7-A00A-1787C84EE48F}.Release|x64.Build.0 = Release|x64
		{2055C252-BBA1-4BC7-A00A-1787C84EE48F}.Release|x86.ActiveCfg = Release|Win32
		{2055C252-BBA1-4BC7-A00A-1787C84EE48F}.Release|x86.Build.0 = Release|Win32
		{D98ACEC5-2AB7-4E6F-84A6-8F3F94020BF6}.Debug|x64.ActiveCfg = Debug|x64
		{D98ACEC5-2AB7-4E6F-84A6-8F3F94020BF6}.Debug|x64.Build.0 = Debug|x64
		{D98ACEC5-2AB7-4E6F-84A6-8F3F94020BF6}.Debug|x86.ActiveCfg = Debug|Win32
		{D98ACEC5-2AB7-4E6F-84A6-8F3F94020BF6}.Debug|x86.Build.0 = Debug|Win32
		{D98ACEC5-2AB7-4E6F-84A6-8F3F94020BF6}.Release|x64.ActiveCfg = Release|x64
		{D98ACEC5-2AB7-4E6F-84A6-8F3F94020BF6}.Release|x64.Build.0 = Release|x64
		{D98ACEC5-2AB7-4E6F-84A6-8F3F94020BF6}.Release|x86.ActiveCfg = Release|Win32
		{D98ACEC5-2AB7-4E6F-84A6-8F3F94020BF6}.Release|x86.Build.0 = Release|Win32
		{A4F96796-B98B-4863-8CBA-B026C8A6B4D8}.Debug|x64.ActiveCfg = Debug|x64
		{A4F96796-B98B-4863-8CBA-B026C8A6B4D8}.Debug|x64.Build.0 = Debug|x64
		{A4F96796-B98B-4863-8CBA-B026C8A6B4D8}.Debug|x86.ActiveCfg = Debug|Win32
		{A4F96796-B98B-4863-8CBA-B026C8A6B4D8}.Debug|x86.Build.0 = Debug|Win32
		{A4F96796-B98B-4863-8CBA-B026C8A6B4D8}.Release|x64.ActiveCfg = Release|x64
		{A4F96796-B98B-4863-8CBA-B026C8A6B4D8}.Release|x64.Build.0 = Release|x64
		{A4F96796-B98B-4863-8CBA-B026C8A6B4D8}.Release|x86.ActiveCfg = Release|Win32
		{A4F96796-B98B-4863-8CBA-B026C8A6B4D8}.Release|x86.Build.0 = Release|Win32
		{1748028F-F5CC-4159-A0EB-C5D1DF08346E}.Debug|x64.ActiveCfg = Debug|x64
		{1748028F-F5CC-4159-A0EB-C5D1DF08346E}.Debug|x64.Build.0 = Debug|x64
		{1748028F-F5CC-4159-A0EB-C5D1DF08346E}.Debug|x86.ActiveCfg = Debug|Win32
		{1748028F-F5CC-4159-A0EB-C5D1DF08346E}.Debug|x86.Build.0 = Debug|Win32
		{1748028F-F5CC-4159-A0EB-C5D1DF08346E}.Release|x64.ActiveCfg = Release|x64
		{1748028F-F5CC-4159-A0EB-C5D1DF08346E}.Release|x64.Build.0 = Release|x64
		{1748028F-F5CC-4159-A0EB-C5D1DF08346E}.Release|x86.ActiveCfg = Release|Win32
		{1748028F-F5CC-4159-A0EB-C5D1DF08346E}.Release|x86.Build.0 = Release|Win32
		{49A05978-E401-4926-A385-767F594075E3}.Debug|x64.ActiveCfg = Debug|x64
		{49A05978-E401-4926-A385-767F594075E3}.Debug|x64.Build.0 = Debug|x64
		{49A05978-E401-4926-A385-767F594075E3}.Debug|x86.ActiveCfg = Debug|Win32
		{49A05978-E401-4926-A385-767F594075E3}.Debug|x86.Build.0 = Debug|Win32
		{49A05978-E401-4926-A385-767F594075E3}.Release|x64.ActiveCfg = Release|x64
		{49A05978-E401-4926-A385-767F594075E3}.Release|x64.Build.0 = Release|x64
		{49A05978-E401-4926-A385-767F594075E3}.Release|x86.ActiveCfg = Release|Win32
		{49A05978-E401-4926-A385-767F594075E3}.Release|x86.Build.0 = Release|Win32
		{E8A8D857-421E-4A57-A2A5-4EAA9B863C5B}.Debug|x64.ActiveCfg = Debug|x64
		{E8A8D857-421E-4A57-A2A5-4EAA9B863C5B}.Debug|x64.Build.0 = Debug|x64
		{E8A8D857-421E-4A57-A2A5-4EAA9B863C5B}.Debug|x86.ActiveCfg = Debug|Win32
		{E8A8D857-421E-4A57-A2A5-4EAA9B863C5B}.Debug|x86.Build.0 = Debug|Win32
		{E8A8D857-421E-4A57-A2A5-4EAA9B863C5B}.Release|x64.ActiveCfg = Release|x64
		{E8A8D857-421E-4A57-A2A5-4EAA9B863C5B}.Release|x64.Build.0 = Release|x64
		{E8A8D857-421E-4A57-A2A5-4EAA9B863C5B}.Release|x86.ActiveCfg = Release|Win32
		{E8A8D857-421E-4A57-A2A5-4EAA9B863C5B}.Release|x86.Build.0 = Release|Win32
	EndGlobalSection
	GlobalSection(SolutionProperties) = preSolution
		HideSolutionNode = FALSE
	EndGlobalSection
	GlobalSection(NestedProjects) = preSolution
		{4A2E03FB-FBB5-4066-8AD4-B3E97372FF2A} = {370C058D-7815-4FB0-9E63-AC702B02CC51}
		{81CE8DAF-EBB2-4761-8E45-B71ABCCA8C68} = {4A2E03FB-FBB5-4066-8AD4-B3E97372FF2A}
		{DA956FD3-E142-46F2-9DD5-C78BEBB56B7A} = {4A2E03FB-FBB5-4066-8AD4-B3E97372FF2A}
		{AF490661-A652-4D5B-9CEE-75536D8330C4} = {4A2E03FB-FBB5-4066-8AD4-B3E97372FF2A}
		{2BD5534E-00E2-4BEA-AC96-D9A92EA24696} = {4A2E03FB-FBB5-4066-8AD4-B3E97372FF2A}
		{DDDBD07D-DC76-4AF6-8D02-3E2DEB6EE255} = {4A2E03FB-FBB5-4066-8AD4-B3E97372FF2A}
		{531302A4-1972-4DD5-A0CD-24EE1D93D2FB} = {4A2E03FB-FBB5-4066-8AD4-B3E97372FF2A}
		{60C028A4-977F-44E9-A709-D79A153D6F69} = {370C058D-7815-4FB0-9E63-AC702B02CC51}
		{88095B91-162E-4F58-9D8A-F3BF3F9B1213} = {370C058D-7815-4FB0-9E63-AC702B02CC51}
		{CF0DEAB9-A4E9-4BFC-B58C-E28DAE7D45DE} = {370C058D-7815-4FB0-9E63-AC702B02CC51}
		{CC0EDCFB-C5A6-4BB2-A6DD-A43288D677C5} = {370C058D-7815-4FB0-9E63-AC702B02CC51}
		{2055C252-BBA1-4BC7-A00A-1787C84EE48F} = {CC0EDCFB-C5A6-4BB2-A6DD-A43288D677C5}
		{D98ACEC5-2AB7-4E6F-84A6-8F3F94020BF6} = {CC0EDCFB-C5A6-4BB2-A6DD-A43288D677C5}
		{A4F96796-B98B-4863-8CBA-B026C8A6B4D8} = {CC0EDCFB-C5A6-4BB2-A6DD-A43288D677C5}
		{1748028F-F5CC-4159-A0EB-C5D1DF08346E} = {CC0EDCFB-C5A6-4BB2-A6DD-A43288D677C5}
		{49A05978-E401-4926-A385-767F594075E3} = {CC0EDCFB-C5A6-4BB2-A6DD-A43288D677C5}
		{E8A8D857-421E-4A57-A2A5-4EAA9B863C5B} = {CC0EDCFB-C5A6-4BB2-A6DD-A43288D677C5}
	EndGlobalSection
	GlobalSection(ExtensibilityGlobals) = postSolution
		SolutionGuid = {B8FE4B13-E5F8-40D1-A2FA-4D5FD6FAA2B2}
	EndGlobalSection
EndGlobal
