// !$*UTF8*$!
{
	archiveVersion = 1;
	classes = {
	};
	objectVersion = 53;
	objects = {

/* Begin PBXBuildFile section */
		EBDB29FD2956024D00A4B39C /* sweep.cc in Sources */ = {isa = PBXBuildFile; fileRef = EBDB29EF2956024D00A4B39C /* sweep.cc */; };
		EBDB29FE2956024D00A4B39C /* sweep_context.cc in Sources */ = {isa = PBXBuildFile; fileRef = EBDB29F02956024D00A4B39C /* sweep_context.cc */; };
		EBDB29FF2956024D00A4B39C /* cdt.cc in Sources */ = {isa = PBXBuildFile; fileRef = EBDB29F12956024D00A4B39C /* cdt.cc */; };
		EBDB2A002956024D00A4B39C /* advancing_front.cc in Sources */ = {isa = PBXBuildFile; fileRef = EBDB29F32956024D00A4B39C /* advancing_front.cc */; };
		EBDB2A012956024D00A4B39C /* shapes.cc in Sources */ = {isa = PBXBuildFile; fileRef = EBDB29FA2956024D00A4B39C /* shapes.cc */; };
/* End PBXBuildFile section */

/* Begin PBXFileReference section */
		EB7089351CD51810005B1025 /* libpoly2tri.a */ = {isa = PBXFileReference; explicitFileType = archive.ar; includeInIndex = 0; path = libpoly2tri.a; sourceTree = BUILT_PRODUCTS_DIR; };
		EBDB29EF2956024D00A4B39C /* sweep.cc */ = {isa = PBXFileReference; fileEncoding = 4; lastKnownFileType = sourcecode.cpp.cpp; path = sweep.cc; sourceTree = "<group>"; };
		EBDB29F02956024D00A4B39C /* sweep_context.cc */ = {isa = PBXFileReference; fileEncoding = 4; lastKnownFileType = sourcecode.cpp.cpp; path = sweep_context.cc; sourceTree = "<group>"; };
		EBDB29F12956024D00A4B39C /* cdt.cc */ = {isa = PBXFileReference; fileEncoding = 4; lastKnownFileType = sourcecode.cpp.cpp; path = cdt.cc; sourceTree = "<group>"; };
		EBDB29F22956024D00A4B39C /* advancing_front.h */ = {isa = PBXFileReference; fileEncoding = 4; lastKnownFileType = sourcecode.c.h; path = advancing_front.h; sourceTree = "<group>"; };
		EBDB29F32956024D00A4B39C /* advancing_front.cc */ = {isa = PBXFileReference; fileEncoding = 4; lastKnownFileType = sourcecode.cpp.cpp; path = advancing_front.cc; sourceTree = "<group>"; };
		EBDB29F42956024D00A4B39C /* sweep.h */ = {isa = PBXFileReference; fileEncoding = 4; lastKnownFileType = sourcecode.c.h; path = sweep.h; sourceTree = "<group>"; };
		EBDB29F52956024D00A4B39C /* sweep_context.h */ = {isa = PBXFileReference; fileEncoding = 4; lastKnownFileType = sourcecode.c.h; path = sweep_context.h; sourceTree = "<group>"; };
		EBDB29F62956024D00A4B39C /* cdt.h */ = {isa = PBXFileReference; fileEncoding = 4; lastKnownFileType = sourcecode.c.h; path = cdt.h; sourceTree = "<group>"; };
		EBDB29F82956024D00A4B39C /* utils.h */ = {isa = PBXFileReference; fileEncoding = 4; lastKnownFileType = sourcecode.c.h; path = utils.h; sourceTree = "<group>"; };
		EBDB29F92956024D00A4B39C /* dll_symbol.h */ = {isa = PBXFileReference; fileEncoding = 4; lastKnownFileType = sourcecode.c.h; path = dll_symbol.h; sourceTree = "<group>"; };
		EBDB29FA2956024D00A4B39C /* shapes.cc */ = {isa = PBXFileReference; fileEncoding = 4; lastKnownFileType = sourcecode.cpp.cpp; path = shapes.cc; sourceTree = "<group>"; };
		EBDB29FB2956024D00A4B39C /* shapes.h */ = {isa = PBXFileReference; fileEncoding = 4; lastKnownFileType = sourcecode.c.h; path = shapes.h; sourceTree = "<group>"; };
		EBDB29FC2956024D00A4B39C /* poly2tri.h */ = {isa = PBXFileReference; fileEncoding = 4; lastKnownFileType = sourcecode.c.h; path = poly2tri.h; sourceTree = "<group>"; };
/* End PBXFileReference section */

/* Begin PBXFrameworksBuildPhase section */
		EB7089321CD51810005B1025 /* Frameworks */ = {
			isa = PBXFrameworksBuildPhase;
			buildActionMask = 2147483647;
			files = (
			);
			runOnlyForDeploymentPostprocessing = 0;
		};
/* End PBXFrameworksBuildPhase section */

/* Begin PBXGroup section */
		EBB10C32293D679700F11D7F /* Frameworks */ = {
			isa = PBXGroup;
			children = (
			);
			name = Frameworks;
			sourceTree = "<group>";
		};
		EBC7C49A1CD512A500005ABE = {
			isa = PBXGroup;
			children = (
				EBDB29ED2956015D00A4B39C /* poly2tri */,
				EBC7C4A41CD512A500005ABE /* Products */,
				EBB10C32293D679700F11D7F /* Frameworks */,
			);
			sourceTree = "<group>";
		};
		EBC7C4A41CD512A500005ABE /* Products */ = {
			isa = PBXGroup;
			children = (
				EB7089351CD51810005B1025 /* libpoly2tri.a */,
			);
			name = Products;
			sourceTree = "<group>";
		};
		EBDB29ED2956015D00A4B39C /* poly2tri */ = {
			isa = PBXGroup;
			children = (
				EBDB29F72956024D00A4B39C /* common */,
				EBDB29FC2956024D00A4B39C /* poly2tri.h */,
				EBDB29EE2956024D00A4B39C /* sweep */,
			);
			name = poly2tri;
			path = ../../../external/poly2tri/poly2tri;
			sourceTree = "<group>";
		};
		EBDB29EE2956024D00A4B39C /* sweep */ = {
			isa = PBXGroup;
			children = (
				EBDB29EF2956024D00A4B39C /* sweep.cc */,
				EBDB29F02956024D00A4B39C /* sweep_context.cc */,
				EBDB29F12956024D00A4B39C /* cdt.cc */,
				EBDB29F22956024D00A4B39C /* advancing_front.h */,
				EBDB29F32956024D00A4B39C /* advancing_front.cc */,
				EBDB29F42956024D00A4B39C /* sweep.h */,
				EBDB29F52956024D00A4B39C /* sweep_context.h */,
				EBDB29F62956024D00A4B39C /* cdt.h */,
			);
			path = sweep;
			sourceTree = "<group>";
		};
		EBDB29F72956024D00A4B39C /* common */ = {
			isa = PBXGroup;
			children = (
				EBDB29F82956024D00A4B39C /* utils.h */,
				EBDB29F92956024D00A4B39C /* dll_symbol.h */,
				EBDB29FA2956024D00A4B39C /* shapes.cc */,
				EBDB29FB2956024D00A4B39C /* shapes.h */,
			);
			path = common;
			sourceTree = "<group>";
		};
/* End PBXGroup section */

/* Begin PBXNativeTarget section */
		EB7089341CD51810005B1025 /* poly2tri */ = {
			isa = PBXNativeTarget;
			buildConfigurationList = EB70893B1CD51810005B1025 /* Build configuration list for PBXNativeTarget "poly2tri" */;
			buildPhases = (
				EB7089311CD51810005B1025 /* Sources */,
				EB7089321CD51810005B1025 /* Frameworks */,
			);
			buildRules = (
			);
			dependencies = (
			);
			name = poly2tri;
			productName = "SDL2-static";
			productReference = EB7089351CD51810005B1025 /* libpoly2tri.a */;
			productType = "com.apple.product-type.library.static";
		};
/* End PBXNativeTarget section */

/* Begin PBXProject section */
		EBC7C49B1CD512A500005ABE /* Project object */ = {
			isa = PBXProject;
			attributes = {
				BuildIndependentTargetsInParallel = YES;
				LastUpgradeCheck = 1430;
				ORGANIZATIONNAME = "Simple DirectMedia Layer";
				TargetAttributes = {
					EB7089341CD51810005B1025 = {
						CreatedOnToolsVersion = 7.3;
					};
				};
			};
			buildConfigurationList = EBC7C49E1CD512A500005ABE /* Build configuration list for PBXProject "poly2tri" */;
			compatibilityVersion = "Xcode 3.2";
			developmentRegion = en;
			hasScannedForEncodings = 0;
			knownRegions = (
				en,
				Base,
			);
			mainGroup = EBC7C49A1CD512A500005ABE;
			productRefGroup = EBC7C4A41CD512A500005ABE /* Products */;
			projectDirPath = "";
			projectRoot = "";
			targets = (
				EB7089341CD51810005B1025 /* poly2tri */,
			);
		};
/* End PBXProject section */

/* Begin PBXSourcesBuildPhase section */
		EB7089311CD51810005B1025 /* Sources */ = {
			isa = PBXSourcesBuildPhase;
			buildActionMask = 2147483647;
			files = (
				EBDB29FF2956024D00A4B39C /* cdt.cc in Sources */,
				EBDB2A002956024D00A4B39C /* advancing_front.cc in Sources */,
				EBDB29FE2956024D00A4B39C /* sweep_context.cc in Sources */,
				EBDB2A012956024D00A4B39C /* shapes.cc in Sources */,
				EBDB29FD2956024D00A4B39C /* sweep.cc in Sources */,
			);
			runOnlyForDeploymentPostprocessing = 0;
		};
/* End PBXSourcesBuildPhase section */

/* Begin XCBuildConfiguration section */
		EB70893C1CD51810005B1025 /* Debug */ = {
			isa = XCBuildConfiguration;
			buildSettings = {
				CLANG_CXX_LANGUAGE_STANDARD = "compiler-default";
				CLANG_CXX_LIBRARY = "compiler-default";
				CLANG_ENABLE_MODULES = NO;
				CLANG_ENABLE_OBJC_ARC = NO;
				CLANG_ENABLE_OBJC_WEAK = YES;
				CLANG_LINK_OBJC_RUNTIME = YES;
				CLANG_X86_VECTOR_INSTRUCTIONS = sse3;
				CODE_SIGN_IDENTITY = "";
				COPY_PHASE_STRIP = YES;
				DEAD_CODE_STRIPPING = YES;
				ENABLE_STRICT_OBJC_MSGSEND = NO;
				EXECUTABLE_PREFIX = lib;
				GCC_C_LANGUAGE_STANDARD = "compiler-default";
				GCC_SYMBOLS_PRIVATE_EXTERN = YES;
				GCC_WARN_ABOUT_DEPRECATED_FUNCTIONS = NO;
				HEADER_SEARCH_PATHS = "";
				INSTALL_PATH = "@rpath";
				PRODUCT_BUNDLE_IDENTIFIER = edu.cornell.gdiac;
				PRODUCT_NAME = "$(TARGET_NAME)";
				SKIP_INSTALL = YES;
			};
			name = Debug;
		};
		EB70893D1CD51810005B1025 /* Release */ = {
			isa = XCBuildConfiguration;
			buildSettings = {
				CLANG_CXX_LANGUAGE_STANDARD = "compiler-default";
				CLANG_CXX_LIBRARY = "compiler-default";
				CLANG_ENABLE_MODULES = NO;
				CLANG_ENABLE_OBJC_ARC = NO;
				CLANG_ENABLE_OBJC_WEAK = YES;
				CLANG_LINK_OBJC_RUNTIME = YES;
				CLANG_X86_VECTOR_INSTRUCTIONS = sse3;
				CODE_SIGN_IDENTITY = "";
				COPY_PHASE_STRIP = YES;
				DEAD_CODE_STRIPPING = YES;
				ENABLE_NS_ASSERTIONS = YES;
				ENABLE_STRICT_OBJC_MSGSEND = NO;
				EXECUTABLE_PREFIX = lib;
				GCC_C_LANGUAGE_STANDARD = "compiler-default";
				GCC_SYMBOLS_PRIVATE_EXTERN = YES;
				GCC_WARN_ABOUT_DEPRECATED_FUNCTIONS = NO;
				HEADER_SEARCH_PATHS = "";
				INSTALL_PATH = "@rpath";
				PRODUCT_BUNDLE_IDENTIFIER = edu.cornell.gdiac;
				PRODUCT_NAME = "$(TARGET_NAME)";
				SKIP_INSTALL = YES;
			};
			name = Release;
		};
		EBC7C4AA1CD512A500005ABE /* Debug */ = {
			isa = XCBuildConfiguration;
			buildSettings = {
				ALLOW_TARGET_PLATFORM_SPECIALIZATION = YES;
				ALWAYS_SEARCH_USER_PATHS = NO;
				CLANG_ANALYZER_LOCALIZABILITY_NONLOCALIZED = YES;
				CLANG_ANALYZER_NONNULL = YES;
				CLANG_CXX_LANGUAGE_STANDARD = "compiler-default";
				CLANG_CXX_LIBRARY = "compiler-default";
				CLANG_ENABLE_MODULES = YES;
				CLANG_ENABLE_OBJC_ARC = YES;
				CLANG_WARN_BLOCK_CAPTURE_AUTORELEASING = YES;
				CLANG_WARN_BOOL_CONVERSION = YES;
				CLANG_WARN_COMMA = YES;
				CLANG_WARN_CONSTANT_CONVERSION = YES;
				CLANG_WARN_DEPRECATED_OBJC_IMPLEMENTATIONS = YES;
				CLANG_WARN_DIRECT_OBJC_ISA_USAGE = YES_ERROR;
				CLANG_WARN_EMPTY_BODY = YES;
				CLANG_WARN_ENUM_CONVERSION = YES;
				CLANG_WARN_INFINITE_RECURSION = YES;
				CLANG_WARN_INT_CONVERSION = YES;
				CLANG_WARN_NON_LITERAL_NULL_CONVERSION = YES;
				CLANG_WARN_OBJC_IMPLICIT_RETAIN_SELF = YES;
				CLANG_WARN_OBJC_LITERAL_CONVERSION = YES;
				CLANG_WARN_OBJC_ROOT_CLASS = YES_ERROR;
				CLANG_WARN_QUOTED_INCLUDE_IN_FRAMEWORK_HEADER = YES;
				CLANG_WARN_RANGE_LOOP_ANALYSIS = YES;
				CLANG_WARN_STRICT_PROTOTYPES = YES;
				CLANG_WARN_SUSPICIOUS_MOVE = YES;
				CLANG_WARN_UNREACHABLE_CODE = YES;
				CLANG_WARN__DUPLICATE_METHOD_MATCH = YES;
				"CODE_SIGN_IDENTITY[sdk=iphoneos*]" = "iPhone Developer";
				COPY_PHASE_STRIP = NO;
				CURRENT_PROJECT_VERSION = 2.14.0;
				DEAD_CODE_STRIPPING = YES;
				DEBUG_INFORMATION_FORMAT = dwarf;
				DYLIB_COMPATIBILITY_VERSION = 2.1.0;
				DYLIB_CURRENT_VERSION = 2.14.0;
				ENABLE_STRICT_OBJC_MSGSEND = YES;
				ENABLE_TESTABILITY = YES;
				GCC_ALTIVEC_EXTENSIONS = YES;
				GCC_AUTO_VECTORIZATION = YES;
				GCC_C_LANGUAGE_STANDARD = "compiler-default";
				GCC_DYNAMIC_NO_PIC = NO;
				GCC_ENABLE_SSE3_EXTENSIONS = YES;
				GCC_NO_COMMON_BLOCKS = YES;
				GCC_OPTIMIZATION_LEVEL = 0;
				GCC_PREPROCESSOR_DEFINITIONS = (
					"DEBUG=1",
					"$(inherited)",
				);
				GCC_WARN_64_TO_32_BIT_CONVERSION = YES;
				GCC_WARN_ABOUT_RETURN_TYPE = YES_ERROR;
				GCC_WARN_UNDECLARED_SELECTOR = YES;
				GCC_WARN_UNINITIALIZED_AUTOS = YES_AGGRESSIVE;
				GCC_WARN_UNUSED_FUNCTION = YES;
				GCC_WARN_UNUSED_VARIABLE = YES;
				INSTALL_PATH = "@rpath";
				IPHONEOS_DEPLOYMENT_TARGET = 12.1;
				MACOSX_DEPLOYMENT_TARGET = 10.13;
				MTL_ENABLE_DEBUG_INFO = YES;
				ONLY_ACTIVE_ARCH = NO;
				SDKROOT = "";
				SKIP_INSTALL = YES;
				SUPPORTED_PLATFORMS = "watchsimulator watchos macosx iphonesimulator iphoneos driverkit appletvsimulator appletvos";
				SUPPORTS_MACCATALYST = YES;
				TVOS_DEPLOYMENT_TARGET = 12.1;
				VALIDATE_WORKSPACE_SKIPPED_SDK_FRAMEWORKS = "OpenGL OpenGLES";
				WATCHOS_DEPLOYMENT_TARGET = 6.1;
			};
			name = Debug;
		};
		EBC7C4AB1CD512A500005ABE /* Release */ = {
			isa = XCBuildConfiguration;
			buildSettings = {
				ALLOW_TARGET_PLATFORM_SPECIALIZATION = YES;
				ALWAYS_SEARCH_USER_PATHS = NO;
				CLANG_ANALYZER_LOCALIZABILITY_NONLOCALIZED = YES;
				CLANG_ANALYZER_NONNULL = YES;
				CLANG_CXX_LANGUAGE_STANDARD = "compiler-default";
				CLANG_CXX_LIBRARY = "compiler-default";
				CLANG_ENABLE_MODULES = YES;
				CLANG_ENABLE_OBJC_ARC = YES;
				CLANG_WARN_BLOCK_CAPTURE_AUTORELEASING = YES;
				CLANG_WARN_BOOL_CONVERSION = YES;
				CLANG_WARN_COMMA = YES;
				CLANG_WARN_CONSTANT_CONVERSION = YES;
				CLANG_WARN_DEPRECATED_OBJC_IMPLEMENTATIONS = YES;
				CLANG_WARN_DIRECT_OBJC_ISA_USAGE = YES_ERROR;
				CLANG_WARN_EMPTY_BODY = YES;
				CLANG_WARN_ENUM_CONVERSION = YES;
				CLANG_WARN_INFINITE_RECURSION = YES;
				CLANG_WARN_INT_CONVERSION = YES;
				CLANG_WARN_NON_LITERAL_NULL_CONVERSION = YES;
				CLANG_WARN_OBJC_IMPLICIT_RETAIN_SELF = YES;
				CLANG_WARN_OBJC_LITERAL_CONVERSION = YES;
				CLANG_WARN_OBJC_ROOT_CLASS = YES_ERROR;
				CLANG_WARN_QUOTED_INCLUDE_IN_FRAMEWORK_HEADER = YES;
				CLANG_WARN_RANGE_LOOP_ANALYSIS = YES;
				CLANG_WARN_STRICT_PROTOTYPES = YES;
				CLANG_WARN_SUSPICIOUS_MOVE = YES;
				CLANG_WARN_UNREACHABLE_CODE = YES;
				CLANG_WARN__DUPLICATE_METHOD_MATCH = YES;
				"CODE_SIGN_IDENTITY[sdk=iphoneos*]" = "iPhone Developer";
				COPY_PHASE_STRIP = NO;
				CURRENT_PROJECT_VERSION = 2.14.0;
				DEAD_CODE_STRIPPING = YES;
				DEBUG_INFORMATION_FORMAT = "dwarf-with-dsym";
				DYLIB_COMPATIBILITY_VERSION = 2.1.0;
				DYLIB_CURRENT_VERSION = 2.14.0;
				ENABLE_NS_ASSERTIONS = NO;
				ENABLE_STRICT_OBJC_MSGSEND = YES;
				GCC_ALTIVEC_EXTENSIONS = YES;
				GCC_AUTO_VECTORIZATION = YES;
				GCC_C_LANGUAGE_STANDARD = "compiler-default";
				GCC_ENABLE_SSE3_EXTENSIONS = YES;
				GCC_NO_COMMON_BLOCKS = YES;
				GCC_WARN_64_TO_32_BIT_CONVERSION = YES;
				GCC_WARN_ABOUT_RETURN_TYPE = YES_ERROR;
				GCC_WARN_UNDECLARED_SELECTOR = YES;
				GCC_WARN_UNINITIALIZED_AUTOS = YES_AGGRESSIVE;
				GCC_WARN_UNUSED_FUNCTION = YES;
				GCC_WARN_UNUSED_VARIABLE = YES;
				INSTALL_PATH = "@rpath";
				IPHONEOS_DEPLOYMENT_TARGET = 12.1;
				MACOSX_DEPLOYMENT_TARGET = 10.13;
				MTL_ENABLE_DEBUG_INFO = NO;
				ONLY_ACTIVE_ARCH = NO;
				SDKROOT = "";
				SKIP_INSTALL = YES;
				SUPPORTED_PLATFORMS = "watchsimulator watchos macosx iphonesimulator iphoneos driverkit appletvsimulator appletvos";
				SUPPORTS_MACCATALYST = YES;
				TVOS_DEPLOYMENT_TARGET = 12.1;
				VALIDATE_PRODUCT = YES;
				VALIDATE_WORKSPACE_SKIPPED_SDK_FRAMEWORKS = "OpenGL OpenGLES";
				WATCHOS_DEPLOYMENT_TARGET = 6.1;
			};
			name = Release;
		};
/* End XCBuildConfiguration section */

/* Begin XCConfigurationList section */
		EB70893B1CD51810005B1025 /* Build configuration list for PBXNativeTarget "poly2tri" */ = {
			isa = XCConfigurationList;
			buildConfigurations = (
				EB70893C1CD51810005B1025 /* Debug */,
				EB70893D1CD51810005B1025 /* Release */,
			);
			defaultConfigurationIsVisible = 0;
			defaultConfigurationName = Release;
		};
		EBC7C49E1CD512A500005ABE /* Build configuration list for PBXProject "poly2tri" */ = {
			isa = XCConfigurationList;
			buildConfigurations = (
				EBC7C4AA1CD512A500005ABE /* Debug */,
				EBC7C4AB1CD512A500005ABE /* Release */,
			);
			defaultConfigurationIsVisible = 0;
			defaultConfigurationName = Release;
		};
/* End XCConfigurationList section */
	};
	rootObject = EBC7C49B1CD512A500005ABE /* Project object */;
}
