
Microsoft Visual Studio Solution File, Format Version 12.00
# Visual Studio Version 17
VisualStudioVersion = 17.0.32112.339
MinimumVisualStudioVersion = 10.0.40219.1
Project("{8BC9CEB8-8B4A-11D0-8D11-00A0C91BC942}") = "sdl2app", "..\..\sdlapp\buildfiles\windows\sdl2app\sdl2app.vcxproj", "{AF490661-A652-4D5B-9CEE-75536D8330C4}"
EndProject
Project("{8BC9CEB8-8B4A-11D0-8D11-00A0C91BC942}") = "sdl2", "..\..\sdlapp\buildfiles\windows\sdl2\sdl2.vcxproj", "{81CE8DAF-EBB2-4761-8E45-B71ABCCA8C68}"
EndProject
Project("{8BC9CEB8-8B4A-11D0-8D11-00A0C91BC942}") = "sdl2atk", "..\..\sdlapp\buildfiles\windows\sdl2atk\sdl2atk.vcxproj", "{531302A4-1972-4DD5-A0CD-24EE1D93D2FB}"
EndProject
Project("{8BC9CEB8-8B4A-11D0-8D11-00A0C91BC942}") = "sdl2image", "..\..\sdlapp\buildfiles\windows\sdl2image\sdl2image.vcxproj", "{2BD5534E-00E2-4BEA-AC96-D9A92EA24696}"
EndProject
Project("{8BC9CEB8-8B4A-11D0-8D11-00A0C91BC942}") = "sdl2main", "..\..\sdlapp\buildfiles\windows\sdl2main\sdl2main.vcxproj", "{DA956FD3-E142-46F2-9DD5-C78BEBB56B7A}"
EndProject
Project("{8BC9CEB8-8B4A-11D0-8D11-00A0C91BC942}") = "sdl2ttf", "..\..\sdlapp\buildfiles\windows\sdl2ttf\sdl2ttf.vcxproj", "{DDDBD07D-DC76-4AF6-8D02-3E2DEB6EE255}"
EndProject
Project("{2150E333-8FDC-42A3-9474-1A3956D46DE8}") = "sdl2pckg", "sdl2pckg", "{9DE3C894-94A9-43C0-9358-C1AC9F181995}"
EndProject
Project("{2150E333-8FDC-42A3-9474-1A3956D46DE8}") = "datachannel", "datachannel", "{9C9536E1-6F4C-446D-A5B4-313CDC9288CB}"
EndProject
Project("{8BC9CEB8-8B4A-11D0-8D11-00A0C91BC942}") = "crypto", "datachannel\crypto\crypto.vcxproj", "{D98ACEC5-2AB7-4E6F-84A6-8F3F94020BF6}"
EndProject
Project("{8BC9CEB8-8B4A-11D0-8D11-00A0C91BC942}") = "ssl", "datachannel\ssl\ssl.vcxproj", "{49A05978-E401-4926-A385-767F594075E3}"
EndProject
Project("{8BC9CEB8-8B4A-11D0-8D11-00A0C91BC942}") = "usrsctp", "datachannel\usrsctp\usrsctp.vcxproj", "{E8A8D857-421E-4A57-A2A5-4EAA9B863C5B}"
EndProject
Project("{8BC9CEB8-8B4A-11D0-8D11-00A0C91BC942}") = "srtp2", "datachannel\srtp2\srtp2.vcxproj", "{1748028F-F5CC-4159-A0EB-C5D1DF08346E}"
EndProject
Project("{8BC9CEB8-8B4A-11D0-8D11-00A0C91BC942}") = "juice", "datachannel\juice\juice.vcxproj", "{A4F96796-B98B-4863-8CBA-B026C8A6B4D8}"
EndProject
Project("{8BC9CEB8-8B4A-11D0-8D11-00A0C91BC942}") = "datachannel", "datachannel\datachannel\datachannel.vcxproj", "{2055C252-BBA1-4BC7-A00A-1787C84EE48F}"
EndProject
Project("{8BC9CEB8-8B4A-11D0-8D11-00A0C91BC942}") = "poly2tri", "poly2tri\poly2tri.vcxproj", "{88095B91-162E-4F58-9D8A-F3BF3F9B1213}"
EndProject
Project("{8BC9CEB8-8B4A-11D0-8D11-00A0C91BC942}") = "box2d", "box2d\box2d.vcxproj", "{CF0DEAB9-A4E9-4BFC-B58C-E28DAE7D45DE}"
EndProject
Project("{8BC9CEB8-8B4A-11D0-8D11-00A0C91BC942}") = "cugl", "cugl\cugl.vcxproj", "{60C028A4-977F-44E9-A709-D79A153D6F69}"
EndProject
Global
	GlobalSection(SolutionConfigurationPlatforms) = preSolution
		Debug|x64 = Debug|x64
		Debug|x86 = Debug|x86
		Release|x64 = Release|x64
		Release|x86 = Release|x86
	EndGlobalSection
	GlobalSection(ProjectConfigurationPlatforms) = postSolution
		{AF490661-A652-4D5B-9CEE-75536D8330C4}.Debug|x64.ActiveCfg = Debug|x64
		{AF490661-A652-4D5B-9CEE-75536D8330C4}.Debug|x64.Build.0 = Debug|x64
		{AF490661-A652-4D5B-9CEE-75536D8330C4}.Debug|x86.ActiveCfg = Debug|Win32
		{AF490661-A652-4D5B-9CEE-75536D8330C4}.Debug|x86.Build.0 = Debug|Win32
		{AF490661-A652-4D5B-9CEE-75536D8330C4}.Release|x64.ActiveCfg = Release|x64
		{AF490661-A652-4D5B-9CEE-75536D8330C4}.Release|x64.Build.0 = Release|x64
		{AF490661-A652-4D5B-9CEE-75536D8330C4}.Release|x86.ActiveCfg = Release|Win32
		{AF490661-A652-4D5B-9CEE-75536D8330C4}.Release|x86.Build.0 = Release|Win32
		{81CE8DAF-EBB2-4761-8E45-B71ABCCA8C68}.Debug|x64.ActiveCfg = Debug|x64
		{81CE8DAF-EBB2-4761-8E45-B71ABCCA8C68}.Debug|x64.Build.0 = Debug|x64
		{81CE8DAF-EBB2-4761-8E45-B71ABCCA8C68}.Debug|x86.ActiveCfg = Debug|Win32
		{81CE8DAF-EBB2-4761-8E45-B71ABCCA8C68}.Debug|x86.Build.0 = Debug|Win32
		{81CE8DAF-EBB2-4761-8E45-B71ABCCA8C68}.Release|x64.ActiveCfg = Release|x64
		{81CE8DAF-EBB2-4761-8E45-B71ABCCA8C68}.Release|x64.Build.0 = Release|x64
		{81CE8DAF-EBB2-4761-8E45-B71ABCCA8C68}.Release|x86.ActiveCfg = Release|Win32
		{81CE8DAF-EBB2-4761-8E45-B71ABCCA8C68}.Release|x86.Build.0 = Release|Win32
		{531302A4-1972-4DD5-A0CD-24EE1D93D2FB}.Debug|x64.ActiveCfg = Debug|x64
		{531302A4-1972-4DD5-A0CD-24EE1D93D2FB}.Debug|x64.Build.0 = Debug|x64
		{531302A4-1972-4DD5-A0CD-24EE1D93D2FB}.Debug|x86.ActiveCfg = Debug|Win32
		{531302A4-1972-4DD5-A0CD-24EE1D93D2FB}.Debug|x86.Build.0 = Debug|Win32
		{531302A4-1972-4DD5-A0CD-24EE1D93D2FB}.Release|x64.ActiveCfg = Release|x64
		{531302A4-1972-4DD5-A0CD-24EE1D93D2FB}.Release|x64.Build.0 = Release|x64
		{531302A4-1972-4DD5-A0CD-24EE1D93D2FB}.Release|x86.ActiveCfg = Release|Win32
		{531302A4-1972-4DD5-A0CD-24EE1D93D2FB}.Release|x86.Build.0 = Release|Win32
		{2BD5534E-00E2-4BEA-AC96-D9A92EA24696}.Debug|x64.ActiveCfg = Debug|x64
		{2BD5534E-00E2-4BEA-AC96-D9A92EA24696}.Debug|x64.Build.0 = Debug|x64
		{2BD5534E-00E2-4BEA-AC96-D9A92EA24696}.Debug|x86.ActiveCfg = Debug|Win32
		{2BD5534E-00E2-4BEA-AC96-D9A92EA24696}.Debug|x86.Build.0 = Debug|Win32
		{2BD5534E-00E2-4BEA-AC96-D9A92EA24696}.Release|x64.ActiveCfg = Release|x64
		{2BD5534E-00E2-4BEA-AC96-D9A92EA24696}.Release|x64.Build.0 = Release|x64
		{2BD5534E-00E2-4BEA-AC96-D9A92EA24696}.Release|x86.ActiveCfg = Release|Win32
		{2BD5534E-00E2-4BEA-AC96-D9A92EA24696}.Release|x86.Build.0 = Release|Win32
		{DA956FD3-E142-46F2-9DD5-C78BEBB56B7A}.Debug|x64.ActiveCfg = Debug|x64
		{DA956FD3-E142-46F2-9DD5-C78BEBB56B7A}.Debug|x64.Build.0 = Debug|x64
		{DA956FD3-E142-46F2-9DD5-C78BEBB56B7A}.Debug|x86.ActiveCfg = Debug|Win32
		{DA956FD3-E142-46F2-9DD5-C78BEBB56B7A}.Debug|x86.Build.0 = Debug|Win32
		{DA956FD3-E142-46F2-9DD5-C78BEBB56B7A}.Release|x64.ActiveCfg = Release|x64
		{DA956FD3-E142-46F2-9DD5-C78BEBB56B7A}.Release|x64.Build.0 = Release|x64
		{DA956FD3-E142-46F2-9DD5-C78BEBB56B7A}.Release|x86.ActiveCfg = Release|Win32
		{DA956FD3-E142-46F2-9DD5-C78BEBB56B7A}.Release|x86.Build.0 = Release|Win32
		{DDDBD07D-DC76-4AF6-8D02-3E2DEB6EE255}.Debug|x64.ActiveCfg = Debug|x64
		{DDDBD07D-DC76-4AF6-8D02-3E2DEB6EE255}.Debug|x64.Build.0 = Debug|x64
		{DDDBD07D-DC76-4AF6-8D02-3E2DEB6EE255}.Debug|x86.ActiveCfg = Debug|Win32
		{DDDBD07D-DC76-4AF6-8D02-3E2DEB6EE255}.Debug|x86.Build.0 = Debug|Win32
		{DDDBD07D-DC76-4AF6-8D02-3E2DEB6EE255}.Release|x64.ActiveCfg = Release|x64
		{DDDBD07D-DC76-4AF6-8D02-3E2DEB6EE255}.Release|x64.Build.0 = Release|x64
		{DDDBD07D-DC76-4AF6-8D02-3E2DEB6EE255}.Release|x86.ActiveCfg = Release|Win32
		{DDDBD07D-DC76-4AF6-8D02-3E2DEB6EE255}.Release|x86.Build.0 = Release|Win32
		{88095B91-162E-4F58-9D8A-F3BF3F9B1213}.Debug|x64.ActiveCfg = Debug|x64
		{88095B91-162E-4F58-9D8A-F3BF3F9B1213}.Debug|x64.Build.0 = Debug|x64
		{88095B91-162E-4F58-9D8A-F3BF3F9B1213}.Debug|x86.ActiveCfg = Debug|Win32
		{88095B91-162E-4F58-9D8A-F3BF3F9B1213}.Debug|x86.Build.0 = Debug|Win32
		{88095B91-162E-4F58-9D8A-F3BF3F9B1213}.Release|x64.ActiveCfg = Release|x64
		{88095B91-162E-4F58-9D8A-F3BF3F9B1213}.Release|x64.Build.0 = Release|x64
		{88095B91-162E-4F58-9D8A-F3BF3F9B1213}.Release|x86.ActiveCfg = Release|Win32
		{88095B91-162E-4F58-9D8A-F3BF3F9B1213}.Release|x86.Build.0 = Release|Win32
		{CF0DEAB9-A4E9-4BFC-B58C-E28DAE7D45DE}.Debug|x64.ActiveCfg = Debug|x64
		{CF0DEAB9-A4E9-4BFC-B58C-E28DAE7D45DE}.Debug|x64.Build.0 = Debug|x64
		{CF0DEAB9-A4E9-4BFC-B58C-E28DAE7D45DE}.Debug|x86.ActiveCfg = Debug|Win32
		{CF0DEAB9-A4E9-4BFC-B58C-E28DAE7D45DE}.Debug|x86.Build.0 = Debug|Win32
		{CF0DEAB9-A4E9-4BFC-B58C-E28DAE7D45DE}.Release|x64.ActiveCfg = Release|x64
		{CF0DEAB9-A4E9-4BFC-B58C-E28DAE7D45DE}.Release|x64.Build.0 = Release|x64
		{CF0DEAB9-A4E9-4BFC-B58C-E28DAE7D45DE}.Release|x86.ActiveCfg = Release|Win32
		{CF0DEAB9-A4E9-4BFC-B58C-E28DAE7D45DE}.Release|x86.Build.0 = Release|Win32
		{60C028A4-977F-44E9-A709-D79A153D6F69}.Debug|x64.ActiveCfg = Debug|x64
		{60C028A4-977F-44E9-A709-D79A153D6F69}.Debug|x64.Build.0 = Debug|x64
		{60C028A4-977F-44E9-A709-D79A153D6F69}.Debug|x86.ActiveCfg = Debug|Win32
		{60C028A4-977F-44E9-A709-D79A153D6F69}.Debug|x86.Build.0 = Debug|Win32
		{60C028A4-977F-44E9-A709-D79A153D6F69}.Release|x64.ActiveCfg = Release|x64
		{60C028A4-977F-44E9-A709-D79A153D6F69}.Release|x64.Build.0 = Release|x64
		{60C028A4-977F-44E9-A709-D79A153D6F69}.Release|x86.ActiveCfg = Release|Win32
		{60C028A4-977F-44E9-A709-D79A153D6F69}.Release|x86.Build.0 = Release|Win32
		{D98ACEC5-2AB7-4E6F-84A6-8F3F94020BF6}.Debug|x64.ActiveCfg = Debug|x64
		{D98ACEC5-2AB7-4E6F-84A6-8F3F94020BF6}.Debug|x64.Build.0 = Debug|x64
		{D98ACEC5-2AB7-4E6F-84A6-8F3F94020BF6}.Debug|x86.ActiveCfg = Debug|Win32
		{D98ACEC5-2AB7-4E6F-84A6-8F3F94020BF6}.Debug|x86.Build.0 = Debug|Win32
		{D98ACEC5-2AB7-4E6F-84A6-8F3F94020BF6}.Release|x64.ActiveCfg = Release|x64
		{D98ACEC5-2AB7-4E6F-84A6-8F3F94020BF6}.Release|x64.Build.0 = Release|x64
		{D98ACEC5-2AB7-4E6F-84A6-8F3F94020BF6}.Release|x86.ActiveCfg = Release|Win32
		{D98ACEC5-2AB7-4E6F-84A6-8F3F94020BF6}.Release|x86.Build.0 = Release|Win32
		{49A05978-E401-4926-A385-767F594075E3}.Debug|x64.ActiveCfg = Debug|x64
		{49A05978-E401-4926-A385-767F594075E3}.Debug|x64.Build.0 = Debug|x64
		{49A05978-E401-4926-A385-767F594075E3}.Debug|x86.ActiveCfg = Debug|Win32
		{49A05978-E401-4926-A385-767F594075E3}.Debug|x86.Build.0 = Debug|Win32
		{49A05978-E401-4926-A385-767F594075E3}.Release|x64.ActiveCfg = Release|x64
		{49A05978-E401-4926-A385-767F594075E3}.Release|x64.Build.0 = Release|x64
		{49A05978-E401-4926-A385-767F594075E3}.Release|x86.ActiveCfg = Release|Win32
		{49A05978-E401-4926-A385-767F594075E3}.Release|x86.Build.0 = Release|Win32
		{E8A8D857-421E-4A57-A2A5-4EAA9B863C5B}.Debug|x64.ActiveCfg = Debug|x64
		{E8A8D857-421E-4A57-A2A5-4EAA9B863C5B}.Debug|x64.Build.0 = Debug|x64
		{E8A8D857-421E-4A57-A2A5-4EAA9B863C5B}.Debug|x86.ActiveCfg = Debug|Win32
		{E8A8D857-421E-4A57-A2A5-4EAA9B863C5B}.Debug|x86.Build.0 = Debug|Win32
		{E8A8D857-421E-4A57-A2A5-4EAA9B863C5B}.Release|x64.ActiveCfg = Release|x64
		{E8A8D857-421E-4A57-A2A5-4EAA9B863C5B}.Release|x64.Build.0 = Release|x64
		{E8A8D857-421E-4A57-A2A5-4EAA9B863C5B}.Release|x86.ActiveCfg = Release|Win32
		{E8A8D857-421E-4A57-A2A5-4EAA9B863C5B}.Release|x86.Build.0 = Release|Win32
		{1748028F-F5CC-4159-A0EB-C5D1DF08346E}.Debug|x64.ActiveCfg = Debug|x64
		{1748028F-F5CC-4159-A0EB-C5D1DF08346E}.Debug|x64.Build.0 = Debug|x64
		{1748028F-F5CC-4159-A0EB-C5D1DF08346E}.Debug|x86.ActiveCfg = Debug|Win32
		{1748028F-F5CC-4159-A0EB-C5D1DF08346E}.Debug|x86.Build.0 = Debug|Win32
		{1748028F-F5CC-4159-A0EB-C5D1DF08346E}.Release|x64.ActiveCfg = Release|x64
		{1748028F-F5CC-4159-A0EB-C5D1DF08346E}.Release|x64.Build.0 = Release|x64
		{1748028F-F5CC-4159-A0EB-C5D1DF08346E}.Release|x86.ActiveCfg = Release|Win32
		{1748028F-F5CC-4159-A0EB-C5D1DF08346E}.Release|x86.Build.0 = Release|Win32
		{A4F96796-B98B-4863-8CBA-B026C8A6B4D8}.Debug|x64.ActiveCfg = Debug|x64
		{A4F96796-B98B-4863-8CBA-B026C8A6B4D8}.Debug|x64.Build.0 = Debug|x64
		{A4F96796-B98B-4863-8CBA-B026C8A6B4D8}.Debug|x86.ActiveCfg = Debug|Win32
		{A4F96796-B98B-4863-8CBA-B026C8A6B4D8}.Debug|x86.Build.0 = Debug|Win32
		{A4F96796-B98B-4863-8CBA-B026C8A6B4D8}.Release|x64.ActiveCfg = Release|x64
		{A4F96796-B98B-4863-8CBA-B026C8A6B4D8}.Release|x64.Build.0 = Release|x64
		{A4F96796-B98B-4863-8CBA-B026C8A6B4D8}.Release|x86.ActiveCfg = Release|Win32
		{A4F96796-B98B-4863-8CBA-B026C8A6B4D8}.Release|x86.Build.0 = Release|Win32
		{2055C252-BBA1-4BC7-A00A-1787C84EE48F}.Debug|x64.ActiveCfg = Debug|x64
		{2055C252-BBA1-4BC7-A00A-1787C84EE48F}.Debug|x64.Build.0 = Debug|x64
		{2055C252-BBA1-4BC7-A00A-1787C84EE48F}.Debug|x86.ActiveCfg = Debug|Win32
		{2055C252-BBA1-4BC7-A00A-1787C84EE48F}.Debug|x86.Build.0 = Debug|Win32
		{2055C252-BBA1-4BC7-A00A-1787C84EE48F}.Release|x64.ActiveCfg = Release|x64
		{2055C252-BBA1-4BC7-A00A-1787C84EE48F}.Release|x64.Build.0 = Release|x64
		{2055C252-BBA1-4BC7-A00A-1787C84EE48F}.Release|x86.ActiveCfg = Release|Win32
		{2055C252-BBA1-4BC7-A00A-1787C84EE48F}.Release|x86.Build.0 = Release|Win32
	EndGlobalSection
	GlobalSection(SolutionProperties) = preSolution
		HideSolutionNode = FALSE
	EndGlobalSection
	GlobalSection(NestedProjects) = preSolution
		{AF490661-A652-4D5B-9CEE-75536D8330C4} = {9DE3C894-94A9-43C0-9358-C1AC9F181995}
		{81CE8DAF-EBB2-4761-8E45-B71ABCCA8C68} = {9DE3C894-94A9-43C0-9358-C1AC9F181995}
		{531302A4-1972-4DD5-A0CD-24EE1D93D2FB} = {9DE3C894-94A9-43C0-9358-C1AC9F181995}
		{2BD5534E-00E2-4BEA-AC96-D9A92EA24696} = {9DE3C894-94A9-43C0-9358-C1AC9F181995}
		{DA956FD3-E142-46F2-9DD5-C78BEBB56B7A} = {9DE3C894-94A9-43C0-9358-C1AC9F181995}
		{DDDBD07D-DC76-4AF6-8D02-3E2DEB6EE255} = {9DE3C894-94A9-43C0-9358-C1AC9F181995}
		{D98ACEC5-2AB7-4E6F-84A6-8F3F94020BF6} = {9C9536E1-6F4C-446D-A5B4-313CDC9288CB}
		{49A05978-E401-4926-A385-767F594075E3} = {9C9536E1-6F4C-446D-A5B4-313CDC9288CB}
		{E8A8D857-421E-4A57-A2A5-4EAA9B863C5B} = {9C9536E1-6F4C-446D-A5B4-313CDC9288CB}
		{1748028F-F5CC-4159-A0EB-C5D1DF08346E} = {9C9536E1-6F4C-446D-A5B4-313CDC9288CB}
		{A4F96796-B98B-4863-8CBA-B026C8A6B4D8} = {9C9536E1-6F4C-446D-A5B4-313CDC9288CB}
		{2055C252-BBA1-4BC7-A00A-1787C84EE48F} = {9C9536E1-6F4C-446D-A5B4-313CDC9288CB}
	EndGlobalSection
	GlobalSection(ExtensibilityGlobals) = postSolution
		SolutionGuid = {CB47F4F7-0F55-41D1-B9A9-A8BB20A56353}
	EndGlobalSection
EndGlobal
